
Microsoft Visual Studio Solution File, Format Version 12.00
# Visual Studio Version 17
VisualStudioVersion = 17.4.33213.308
MinimumVisualStudioVersion = 10.0.40219.1
Project("{8BC9CEB8-8B4A-11D0-8D11-00A0C91BC942}") = "3DProgramming_Compulsory1", "3DProgramming_Compulsory1.vcxproj", "{634D1A22-263D-401D-8ACD-7A50279467CE}"
EndProject
Global
	GlobalSection(SolutionConfigurationPlatforms) = preSolution
		Debug|x64 = Debug|x64
		Debug|x86 = Debug|x86
		Release|x64 = Release|x64
		Release|x86 = Release|x86
	EndGlobalSection
	GlobalSection(ProjectConfigurationPlatforms) = postSolution
		{634D1A22-263D-401D-8ACD-7A50279467CE}.Debug|x64.ActiveCfg = Debug|x64
		{634D1A22-263D-401D-8ACD-7A50279467CE}.Debug|x64.Build.0 = Debug|x64
		{634D1A22-263D-401D-8ACD-7A50279467CE}.Debug|x86.ActiveCfg = Debug|Win32
		{634D1A22-263D-401D-8ACD-7A50279467CE}.Debug|x86.Build.0 = Debug|Win32
		{634D1A22-263D-401D-8ACD-7A50279467CE}.Release|x64.ActiveCfg = Release|x64
		{634D1A22-263D-401D-8ACD-7A50279467CE}.Release|x64.Build.0 = Release|x64
		{634D1A22-263D-401D-8ACD-7A50279467CE}.Release|x86.ActiveCfg = Release|Win32
		{634D1A22-263D-401D-8ACD-7A50279467CE}.Release|x86.Build.0 = Release|Win32
	EndGlobalSection
	GlobalSection(SolutionProperties) = preSolution
		HideSolutionNode = FALSE
	EndGlobalSection
	GlobalSection(ExtensibilityGlobals) = postSolution
		SolutionGuid = {50866967-7E34-4E5C-AC69-7BABB557E5AC}
	EndGlobalSection
EndGlobal
